
Microsoft Visual Studio Solution File, Format Version 12.00
# Visual Studio Version 16
VisualStudioVersion = 16.0.29424.173
MinimumVisualStudioVersion = 10.0.40219.1
Project("{FAE04EC0-301F-11D3-BF4B-00C04F79EFBC}") = "UserMaintenance", "UserMaintenance\UserMaintenance.csproj", "{FFE60359-078F-44D8-B015-390CEB874B20}"
EndProject
Global
	GlobalSection(SolutionConfigurationPlatforms) = preSolution
		Debug|Any CPU = Debug|Any CPU
		Release|Any CPU = Release|Any CPU
	EndGlobalSection
	GlobalSection(ProjectConfigurationPlatforms) = postSolution
		{FFE60359-078F-44D8-B015-390CEB874B20}.Debug|Any CPU.ActiveCfg = Debug|Any CPU
		{FFE60359-078F-44D8-B015-390CEB874B20}.Debug|Any CPU.Build.0 = Debug|Any CPU
		{FFE60359-078F-44D8-B015-390CEB874B20}.Release|Any CPU.ActiveCfg = Release|Any CPU
		{FFE60359-078F-44D8-B015-390CEB874B20}.Release|Any CPU.Build.0 = Release|Any CPU
	EndGlobalSection
	GlobalSection(SolutionProperties) = preSolution
		HideSolutionNode = FALSE
	EndGlobalSection
	GlobalSection(ExtensibilityGlobals) = postSolution
		SolutionGuid = {F0CB0EDD-F287-472F-B01F-7F955B4871BB}
	EndGlobalSection
EndGlobal
